// !$*UTF8*$!
{
	archiveVersion = 1;
	classes = {
	};
	objectVersion = 48;
	objects = {

/* Begin PBXBuildFile section */
		8C9F622D2025B1D400C80336 /* AppDelegate.swift in Sources */ = {isa = PBXBuildFile; fileRef = 8C9F622C2025B1D400C80336 /* AppDelegate.swift */; };
		8C9F622F2025B1D400C80336 /* ViewController.swift in Sources */ = {isa = PBXBuildFile; fileRef = 8C9F622E2025B1D400C80336 /* ViewController.swift */; };
		8C9F62322025B1D400C80336 /* Main.storyboard in Resources */ = {isa = PBXBuildFile; fileRef = 8C9F62302025B1D400C80336 /* Main.storyboard */; };
		8C9F62342025B1D400C80336 /* Assets.xcassets in Resources */ = {isa = PBXBuildFile; fileRef = 8C9F62332025B1D400C80336 /* Assets.xcassets */; };
		8C9F62372025B1D400C80336 /* LaunchScreen.storyboard in Resources */ = {isa = PBXBuildFile; fileRef = 8C9F62352025B1D400C80336 /* LaunchScreen.storyboard */; };
		8C9F62422025B1D400C80336 /* TableViewTestTests.swift in Sources */ = {isa = PBXBuildFile; fileRef = 8C9F62412025B1D400C80336 /* TableViewTestTests.swift */; };
		8C9F624D2025B1D400C80336 /* TableViewTestUITests.swift in Sources */ = {isa = PBXBuildFile; fileRef = 8C9F624C2025B1D400C80336 /* TableViewTestUITests.swift */; };
		8C9F625B2025B33C00C80336 /* flagTableViewCell.swift in Sources */ = {isa = PBXBuildFile; fileRef = 8C9F625A2025B33C00C80336 /* flagTableViewCell.swift */; };
		8C9F625D2025B3E500C80336 /* flagTableViewController.swift in Sources */ = {isa = PBXBuildFile; fileRef = 8C9F625C2025B3E500C80336 /* flagTableViewController.swift */; };
		8C9F625F2025B4A700C80336 /* model.swift in Sources */ = {isa = PBXBuildFile; fileRef = 8C9F625E2025B4A700C80336 /* model.swift */; };
		8C9F62612025B80100C80336 /* infoViewController.swift in Sources */ = {isa = PBXBuildFile; fileRef = 8C9F62602025B80100C80336 /* infoViewController.swift */; };
/* End PBXBuildFile section */

/* Begin PBXContainerItemProxy section */
		8C9F623E2025B1D400C80336 /* PBXContainerItemProxy */ = {
			isa = PBXContainerItemProxy;
			containerPortal = 8C9F62212025B1D400C80336 /* Project object */;
			proxyType = 1;
			remoteGlobalIDString = 8C9F62282025B1D400C80336;
			remoteInfo = TableViewTest;
		};
		8C9F62492025B1D400C80336 /* PBXContainerItemProxy */ = {
			isa = PBXContainerItemProxy;
			containerPortal = 8C9F62212025B1D400C80336 /* Project object */;
			proxyType = 1;
			remoteGlobalIDString = 8C9F62282025B1D400C80336;
			remoteInfo = TableViewTest;
		};
/* End PBXContainerItemProxy section */

/* Begin PBXFileReference section */
		8C9F62292025B1D400C80336 /* TableViewTest.app */ = {isa = PBXFileReference; explicitFileType = wrapper.application; includeInIndex = 0; path = TableViewTest.app; sourceTree = BUILT_PRODUCTS_DIR; };
		8C9F622C2025B1D400C80336 /* AppDelegate.swift */ = {isa = PBXFileReference; lastKnownFileType = sourcecode.swift; path = AppDelegate.swift; sourceTree = "<group>"; };
		8C9F622E2025B1D400C80336 /* ViewController.swift */ = {isa = PBXFileReference; lastKnownFileType = sourcecode.swift; path = ViewController.swift; sourceTree = "<group>"; };
		8C9F62312025B1D400C80336 /* Base */ = {isa = PBXFileReference; lastKnownFileType = file.storyboard; name = Base; path = Base.lproj/Main.storyboard; sourceTree = "<group>"; };
		8C9F62332025B1D400C80336 /* Assets.xcassets */ = {isa = PBXFileReference; lastKnownFileType = folder.assetcatalog; path = Assets.xcassets; sourceTree = "<group>"; };
		8C9F62362025B1D400C80336 /* Base */ = {isa = PBXFileReference; lastKnownFileType = file.storyboard; name = Base; path = Base.lproj/LaunchScreen.storyboard; sourceTree = "<group>"; };
		8C9F62382025B1D400C80336 /* Info.plist */ = {isa = PBXFileReference; lastKnownFileType = text.plist.xml; path = Info.plist; sourceTree = "<group>"; };
		8C9F623D2025B1D400C80336 /* TableViewTestTests.xctest */ = {isa = PBXFileReference; explicitFileType = wrapper.cfbundle; includeInIndex = 0; path = TableViewTestTests.xctest; sourceTree = BUILT_PRODUCTS_DIR; };
		8C9F62412025B1D400C80336 /* TableViewTestTests.swift */ = {isa = PBXFileReference; lastKnownFileType = sourcecode.swift; path = TableViewTestTests.swift; sourceTree = "<group>"; };
		8C9F62432025B1D400C80336 /* Info.plist */ = {isa = PBXFileReference; lastKnownFileType = text.plist.xml; path = Info.plist; sourceTree = "<group>"; };
		8C9F62482025B1D400C80336 /* TableViewTestUITests.xctest */ = {isa = PBXFileReference; explicitFileType = wrapper.cfbundle; includeInIndex = 0; path = TableViewTestUITests.xctest; sourceTree = BUILT_PRODUCTS_DIR; };
		8C9F624C2025B1D400C80336 /* TableViewTestUITests.swift */ = {isa = PBXFileReference; lastKnownFileType = sourcecode.swift; path = TableViewTestUITests.swift; sourceTree = "<group>"; };
		8C9F624E2025B1D400C80336 /* Info.plist */ = {isa = PBXFileReference; lastKnownFileType = text.plist.xml; path = Info.plist; sourceTree = "<group>"; };
		8C9F625A2025B33C00C80336 /* flagTableViewCell.swift */ = {isa = PBXFileReference; lastKnownFileType = sourcecode.swift; path = flagTableViewCell.swift; sourceTree = "<group>"; };
		8C9F625C2025B3E500C80336 /* flagTableViewController.swift */ = {isa = PBXFileReference; lastKnownFileType = sourcecode.swift; path = flagTableViewController.swift; sourceTree = "<group>"; };
		8C9F625E2025B4A700C80336 /* model.swift */ = {isa = PBXFileReference; lastKnownFileType = sourcecode.swift; path = model.swift; sourceTree = "<group>"; };
		8C9F62602025B80100C80336 /* infoViewController.swift */ = {isa = PBXFileReference; lastKnownFileType = sourcecode.swift; path = infoViewController.swift; sourceTree = "<group>"; };
/* End PBXFileReference section */

/* Begin PBXFrameworksBuildPhase section */
		8C9F62262025B1D400C80336 /* Frameworks */ = {
			isa = PBXFrameworksBuildPhase;
			buildActionMask = 2147483647;
			files = (
			);
			runOnlyForDeploymentPostprocessing = 0;
		};
		8C9F623A2025B1D400C80336 /* Frameworks */ = {
			isa = PBXFrameworksBuildPhase;
			buildActionMask = 2147483647;
			files = (
			);
			runOnlyForDeploymentPostprocessing = 0;
		};
		8C9F62452025B1D400C80336 /* Frameworks */ = {
			isa = PBXFrameworksBuildPhase;
			buildActionMask = 2147483647;
			files = (
			);
			runOnlyForDeploymentPostprocessing = 0;
		};
/* End PBXFrameworksBuildPhase section */

/* Begin PBXGroup section */
		8C9F62202025B1D300C80336 = {
			isa = PBXGroup;
			children = (
				8C9F622B2025B1D400C80336 /* TableViewTest */,
				8C9F62402025B1D400C80336 /* TableViewTestTests */,
				8C9F624B2025B1D400C80336 /* TableViewTestUITests */,
				8C9F622A2025B1D400C80336 /* Products */,
			);
			sourceTree = "<group>";
		};
		8C9F622A2025B1D400C80336 /* Products */ = {
			isa = PBXGroup;
			children = (
				8C9F62292025B1D400C80336 /* TableViewTest.app */,
				8C9F623D2025B1D400C80336 /* TableViewTestTests.xctest */,
				8C9F62482025B1D400C80336 /* TableViewTestUITests.xctest */,
			);
			name = Products;
			sourceTree = "<group>";
		};
		8C9F622B2025B1D400C80336 /* TableViewTest */ = {
			isa = PBXGroup;
			children = (
				8C9F622C2025B1D400C80336 /* AppDelegate.swift */,
				8C9F622E2025B1D400C80336 /* ViewController.swift */,
				8C9F62302025B1D400C80336 /* Main.storyboard */,
				8C9F625C2025B3E500C80336 /* flagTableViewController.swift */,
				8C9F62602025B80100C80336 /* infoViewController.swift */,
				8C9F625E2025B4A700C80336 /* model.swift */,
				8C9F625A2025B33C00C80336 /* flagTableViewCell.swift */,
				8C9F62332025B1D400C80336 /* Assets.xcassets */,
				8C9F62352025B1D400C80336 /* LaunchScreen.storyboard */,
				8C9F62382025B1D400C80336 /* Info.plist */,
			);
			path = TableViewTest;
			sourceTree = "<group>";
		};
		8C9F62402025B1D400C80336 /* TableViewTestTests */ = {
			isa = PBXGroup;
			children = (
				8C9F62412025B1D400C80336 /* TableViewTestTests.swift */,
				8C9F62432025B1D400C80336 /* Info.plist */,
			);
			path = TableViewTestTests;
			sourceTree = "<group>";
		};
		8C9F624B2025B1D400C80336 /* TableViewTestUITests */ = {
			isa = PBXGroup;
			children = (
				8C9F624C2025B1D400C80336 /* TableViewTestUITests.swift */,
				8C9F624E2025B1D400C80336 /* Info.plist */,
			);
			path = TableViewTestUITests;
			sourceTree = "<group>";
		};
/* End PBXGroup section */

/* Begin PBXNativeTarget section */
		8C9F62282025B1D400C80336 /* TableViewTest */ = {
			isa = PBXNativeTarget;
			buildConfigurationList = 8C9F62512025B1D400C80336 /* Build configuration list for PBXNativeTarget "TableViewTest" */;
			buildPhases = (
				8C9F62252025B1D400C80336 /* Sources */,
				8C9F62262025B1D400C80336 /* Frameworks */,
				8C9F62272025B1D400C80336 /* Resources */,
			);
			buildRules = (
			);
			dependencies = (
			);
			name = TableViewTest;
			productName = TableViewTest;
			productReference = 8C9F62292025B1D400C80336 /* TableViewTest.app */;
			productType = "com.apple.product-type.application";
		};
		8C9F623C2025B1D400C80336 /* TableViewTestTests */ = {
			isa = PBXNativeTarget;
			buildConfigurationList = 8C9F62542025B1D400C80336 /* Build configuration list for PBXNativeTarget "TableViewTestTests" */;
			buildPhases = (
				8C9F62392025B1D400C80336 /* Sources */,
				8C9F623A2025B1D400C80336 /* Frameworks */,
				8C9F623B2025B1D400C80336 /* Resources */,
			);
			buildRules = (
			);
			dependencies = (
				8C9F623F2025B1D400C80336 /* PBXTargetDependency */,
			);
			name = TableViewTestTests;
			productName = TableViewTestTests;
			productReference = 8C9F623D2025B1D400C80336 /* TableViewTestTests.xctest */;
			productType = "com.apple.product-type.bundle.unit-test";
		};
		8C9F62472025B1D400C80336 /* TableViewTestUITests */ = {
			isa = PBXNativeTarget;
			buildConfigurationList = 8C9F62572025B1D400C80336 /* Build configuration list for PBXNativeTarget "TableViewTestUITests" */;
			buildPhases = (
				8C9F62442025B1D400C80336 /* Sources */,
				8C9F62452025B1D400C80336 /* Frameworks */,
				8C9F62462025B1D400C80336 /* Resources */,
			);
			buildRules = (
			);
			dependencies = (
				8C9F624A2025B1D400C80336 /* PBXTargetDependency */,
			);
			name = TableViewTestUITests;
			productName = TableViewTestUITests;
			productReference = 8C9F62482025B1D400C80336 /* TableViewTestUITests.xctest */;
			productType = "com.apple.product-type.bundle.ui-testing";
		};
/* End PBXNativeTarget section */

/* Begin PBXProject section */
		8C9F62212025B1D400C80336 /* Project object */ = {
			isa = PBXProject;
			attributes = {
				LastSwiftUpdateCheck = 0910;
				LastUpgradeCheck = 0910;
				ORGANIZATIONNAME = "Anthony Ford";
				TargetAttributes = {
					8C9F62282025B1D400C80336 = {
						CreatedOnToolsVersion = 9.1;
						ProvisioningStyle = Automatic;
					};
					8C9F623C2025B1D400C80336 = {
						CreatedOnToolsVersion = 9.1;
						ProvisioningStyle = Automatic;
						TestTargetID = 8C9F62282025B1D400C80336;
					};
					8C9F62472025B1D400C80336 = {
						CreatedOnToolsVersion = 9.1;
						ProvisioningStyle = Automatic;
						TestTargetID = 8C9F62282025B1D400C80336;
					};
				};
			};
			buildConfigurationList = 8C9F62242025B1D400C80336 /* Build configuration list for PBXProject "TableViewTest" */;
			compatibilityVersion = "Xcode 8.0";
			developmentRegion = en;
			hasScannedForEncodings = 0;
			knownRegions = (
				en,
				Base,
			);
			mainGroup = 8C9F62202025B1D300C80336;
			productRefGroup = 8C9F622A2025B1D400C80336 /* Products */;
			projectDirPath = "";
			projectRoot = "";
			targets = (
				8C9F62282025B1D400C80336 /* TableViewTest */,
				8C9F623C2025B1D400C80336 /* TableViewTestTests */,
				8C9F62472025B1D400C80336 /* TableViewTestUITests */,
			);
		};
/* End PBXProject section */

/* Begin PBXResourcesBuildPhase section */
		8C9F62272025B1D400C80336 /* Resources */ = {
			isa = PBXResourcesBuildPhase;
			buildActionMask = 2147483647;
			files = (
				8C9F62372025B1D400C80336 /* LaunchScreen.storyboard in Resources */,
				8C9F62342025B1D400C80336 /* Assets.xcassets in Resources */,
				8C9F62322025B1D400C80336 /* Main.storyboard in Resources */,
			);
			runOnlyForDeploymentPostprocessing = 0;
		};
		8C9F623B2025B1D400C80336 /* Resources */ = {
			isa = PBXResourcesBuildPhase;
			buildActionMask = 2147483647;
			files = (
			);
			runOnlyForDeploymentPostprocessing = 0;
		};
		8C9F62462025B1D400C80336 /* Resources */ = {
			isa = PBXResourcesBuildPhase;
			buildActionMask = 2147483647;
			files = (
			);
			runOnlyForDeploymentPostprocessing = 0;
		};
/* End PBXResourcesBuildPhase section */

/* Begin PBXSourcesBuildPhase section */
		8C9F62252025B1D400C80336 /* Sources */ = {
			isa = PBXSourcesBuildPhase;
			buildActionMask = 2147483647;
			files = (
				8C9F62612025B80100C80336 /* infoViewController.swift in Sources */,
				8C9F625F2025B4A700C80336 /* model.swift in Sources */,
				8C9F622F2025B1D400C80336 /* ViewController.swift in Sources */,
				8C9F625D2025B3E500C80336 /* flagTableViewController.swift in Sources */,
				8C9F625B2025B33C00C80336 /* flagTableViewCell.swift in Sources */,
				8C9F622D2025B1D400C80336 /* AppDelegate.swift in Sources */,
			);
			runOnlyForDeploymentPostprocessing = 0;
		};
		8C9F62392025B1D400C80336 /* Sources */ = {
			isa = PBXSourcesBuildPhase;
			buildActionMask = 2147483647;
			files = (
				8C9F62422025B1D400C80336 /* TableViewTestTests.swift in Sources */,
			);
			runOnlyForDeploymentPostprocessing = 0;
		};
		8C9F62442025B1D400C80336 /* Sources */ = {
			isa = PBXSourcesBuildPhase;
			buildActionMask = 2147483647;
			files = (
				8C9F624D2025B1D400C80336 /* TableViewTestUITests.swift in Sources */,
			);
			runOnlyForDeploymentPostprocessing = 0;
		};
/* End PBXSourcesBuildPhase section */

/* Begin PBXTargetDependency section */
		8C9F623F2025B1D400C80336 /* PBXTargetDependency */ = {
			isa = PBXTargetDependency;
			target = 8C9F62282025B1D400C80336 /* TableViewTest */;
			targetProxy = 8C9F623E2025B1D400C80336 /* PBXContainerItemProxy */;
		};
		8C9F624A2025B1D400C80336 /* PBXTargetDependency */ = {
			isa = PBXTargetDependency;
			target = 8C9F62282025B1D400C80336 /* TableViewTest */;
			targetProxy = 8C9F62492025B1D400C80336 /* PBXContainerItemProxy */;
		};
/* End PBXTargetDependency section */

/* Begin PBXVariantGroup section */
		8C9F62302025B1D400C80336 /* Main.storyboard */ = {
			isa = PBXVariantGroup;
			children = (
				8C9F62312025B1D400C80336 /* Base */,
			);
			name = Main.storyboard;
			sourceTree = "<group>";
		};
		8C9F62352025B1D400C80336 /* LaunchScreen.storyboard */ = {
			isa = PBXVariantGroup;
			children = (
				8C9F62362025B1D400C80336 /* Base */,
			);
			name = LaunchScreen.storyboard;
			sourceTree = "<group>";
		};
/* End PBXVariantGroup section */

/* Begin XCBuildConfiguration section */
		8C9F624F2025B1D400C80336 /* Debug */ = {
			isa = XCBuildConfiguration;
			buildSettings = {
				ALWAYS_SEARCH_USER_PATHS = NO;
				CLANG_ANALYZER_NONNULL = YES;
				CLANG_ANALYZER_NUMBER_OBJECT_CONVERSION = YES_AGGRESSIVE;
				CLANG_CXX_LANGUAGE_STANDARD = "gnu++14";
				CLANG_CXX_LIBRARY = "libc++";
				CLANG_ENABLE_MODULES = YES;
				CLANG_ENABLE_OBJC_ARC = YES;
				CLANG_WARN_BLOCK_CAPTURE_AUTORELEASING = YES;
				CLANG_WARN_BOOL_CONVERSION = YES;
				CLANG_WARN_COMMA = YES;
				CLANG_WARN_CONSTANT_CONVERSION = YES;
				CLANG_WARN_DIRECT_OBJC_ISA_USAGE = YES_ERROR;
				CLANG_WARN_DOCUMENTATION_COMMENTS = YES;
				CLANG_WARN_EMPTY_BODY = YES;
				CLANG_WARN_ENUM_CONVERSION = YES;
				CLANG_WARN_INFINITE_RECURSION = YES;
				CLANG_WARN_INT_CONVERSION = YES;
				CLANG_WARN_NON_LITERAL_NULL_CONVERSION = YES;
				CLANG_WARN_OBJC_LITERAL_CONVERSION = YES;
				CLANG_WARN_OBJC_ROOT_CLASS = YES_ERROR;
				CLANG_WARN_RANGE_LOOP_ANALYSIS = YES;
				CLANG_WARN_STRICT_PROTOTYPES = YES;
				CLANG_WARN_SUSPICIOUS_MOVE = YES;
				CLANG_WARN_UNGUARDED_AVAILABILITY = YES_AGGRESSIVE;
				CLANG_WARN_UNREACHABLE_CODE = YES;
				CLANG_WARN__DUPLICATE_METHOD_MATCH = YES;
				CODE_SIGN_IDENTITY = "iPhone Developer";
				COPY_PHASE_STRIP = NO;
				DEBUG_INFORMATION_FORMAT = dwarf;
				ENABLE_STRICT_OBJC_MSGSEND = YES;
				ENABLE_TESTABILITY = YES;
				GCC_C_LANGUAGE_STANDARD = gnu11;
				GCC_DYNAMIC_NO_PIC = NO;
				GCC_NO_COMMON_BLOCKS = YES;
				GCC_OPTIMIZATION_LEVEL = 0;
				GCC_PREPROCESSOR_DEFINITIONS = (
					"DEBUG=1",
					"$(inherited)",
				);
				GCC_WARN_64_TO_32_BIT_CONVERSION = YES;
				GCC_WARN_ABOUT_RETURN_TYPE = YES_ERROR;
				GCC_WARN_UNDECLARED_SELECTOR = YES;
				GCC_WARN_UNINITIALIZED_AUTOS = YES_AGGRESSIVE;
				GCC_WARN_UNUSED_FUNCTION = YES;
				GCC_WARN_UNUSED_VARIABLE = YES;
				IPHONEOS_DEPLOYMENT_TARGET = 11.1;
				MTL_ENABLE_DEBUG_INFO = YES;
				ONLY_ACTIVE_ARCH = YES;
				SDKROOT = iphoneos;
				SWIFT_ACTIVE_COMPILATION_CONDITIONS = DEBUG;
				SWIFT_OPTIMIZATION_LEVEL = "-Onone";
			};
			name = Debug;
		};
		8C9F62502025B1D400C80336 /* Release */ = {
			isa = XCBuildConfiguration;
			buildSettings = {
				ALWAYS_SEARCH_USER_PATHS = NO;
				CLANG_ANALYZER_NONNULL = YES;
				CLANG_ANALYZER_NUMBER_OBJECT_CONVERSION = YES_AGGRESSIVE;
				CLANG_CXX_LANGUAGE_STANDARD = "gnu++14";
				CLANG_CXX_LIBRARY = "libc++";
				CLANG_ENABLE_MODULES = YES;
				CLANG_ENABLE_OBJC_ARC = YES;
				CLANG_WARN_BLOCK_CAPTURE_AUTORELEASING = YES;
				CLANG_WARN_BOOL_CONVERSION = YES;
				CLANG_WARN_COMMA = YES;
				CLANG_WARN_CONSTANT_CONVERSION = YES;
				CLANG_WARN_DIRECT_OBJC_ISA_USAGE = YES_ERROR;
				CLANG_WARN_DOCUMENTATION_COMMENTS = YES;
				CLANG_WARN_EMPTY_BODY = YES;
				CLANG_WARN_ENUM_CONVERSION = YES;
				CLANG_WARN_INFINITE_RECURSION = YES;
				CLANG_WARN_INT_CONVERSION = YES;
				CLANG_WARN_NON_LITERAL_NULL_CONVERSION = YES;
				CLANG_WARN_OBJC_LITERAL_CONVERSION = YES;
				CLANG_WARN_OBJC_ROOT_CLASS = YES_ERROR;
				CLANG_WARN_RANGE_LOOP_ANALYSIS = YES;
				CLANG_WARN_STRICT_PROTOTYPES = YES;
				CLANG_WARN_SUSPICIOUS_MOVE = YES;
				CLANG_WARN_UNGUARDED_AVAILABILITY = YES_AGGRESSIVE;
				CLANG_WARN_UNREACHABLE_CODE = YES;
				CLANG_WARN__DUPLICATE_METHOD_MATCH = YES;
				CODE_SIGN_IDENTITY = "iPhone Developer";
				COPY_PHASE_STRIP = NO;
				DEBUG_INFORMATION_FORMAT = "dwarf-with-dsym";
				ENABLE_NS_ASSERTIONS = NO;
				ENABLE_STRICT_OBJC_MSGSEND = YES;
				GCC_C_LANGUAGE_STANDARD = gnu11;
				GCC_NO_COMMON_BLOCKS = YES;
				GCC_WARN_64_TO_32_BIT_CONVERSION = YES;
				GCC_WARN_ABOUT_RETURN_TYPE = YES_ERROR;
				GCC_WARN_UNDECLARED_SELECTOR = YES;
				GCC_WARN_UNINITIALIZED_AUTOS = YES_AGGRESSIVE;
				GCC_WARN_UNUSED_FUNCTION = YES;
				GCC_WARN_UNUSED_VARIABLE = YES;
				IPHONEOS_DEPLOYMENT_TARGET = 11.1;
				MTL_ENABLE_DEBUG_INFO = NO;
				SDKROOT = iphoneos;
				SWIFT_OPTIMIZATION_LEVEL = "-Owholemodule";
				VALIDATE_PRODUCT = YES;
			};
			name = Release;
		};
		8C9F62522025B1D400C80336 /* Debug */ = {
			isa = XCBuildConfiguration;
			buildSettings = {
				ASSETCATALOG_COMPILER_APPICON_NAME = AppIcon;
				CODE_SIGN_STYLE = Automatic;
				DEVELOPMENT_TEAM = 2WC992Z6V5;
				INFOPLIST_FILE = TableViewTest/Info.plist;
				LD_RUNPATH_SEARCH_PATHS = "$(inherited) @executable_path/Frameworks";
				PRODUCT_BUNDLE_IDENTIFIER = eton.com.TableViewTest;
				PRODUCT_NAME = "$(TARGET_NAME)";
				SWIFT_VERSION = 4.0;
				TARGETED_DEVICE_FAMILY = "1,2";
			};
			name = Debug;
		};
		8C9F62532025B1D400C80336 /* Release */ = {
			isa = XCBuildConfiguration;
			buildSettings = {
				ASSETCATALOG_COMPILER_APPICON_NAME = AppIcon;
				CODE_SIGN_STYLE = Automatic;
				DEVELOPMENT_TEAM = 2WC992Z6V5;
				INFOPLIST_FILE = TableViewTest/Info.plist;
				LD_RUNPATH_SEARCH_PATHS = "$(inherited) @executable_path/Frameworks";
				PRODUCT_BUNDLE_IDENTIFIER = eton.com.TableViewTest;
				PRODUCT_NAME = "$(TARGET_NAME)";
				SWIFT_VERSION = 4.0;
				TARGETED_DEVICE_FAMILY = "1,2";
			};
			name = Release;
		};
		8C9F62552025B1D400C80336 /* Debug */ = {
			isa = XCBuildConfiguration;
			buildSettings = {
				ALWAYS_EMBED_SWIFT_STANDARD_LIBRARIES = YES;
				BUNDLE_LOADER = "$(TEST_HOST)";
				CODE_SIGN_STYLE = Automatic;
				DEVELOPMENT_TEAM = 2WC992Z6V5;
				INFOPLIST_FILE = TableViewTestTests/Info.plist;
				LD_RUNPATH_SEARCH_PATHS = "$(inherited) @executable_path/Frameworks @loader_path/Frameworks";
				PRODUCT_BUNDLE_IDENTIFIER = eton.com.TableViewTestTests;
				PRODUCT_NAME = "$(TARGET_NAME)";
				SWIFT_VERSION = 4.0;
				TARGETED_DEVICE_FAMILY = "1,2";
				TEST_HOST = "$(BUILT_PRODUCTS_DIR)/TableViewTest.app/TableViewTest";
			};
			name = Debug;
		};
		8C9F62562025B1D400C80336 /* Release */ = {
			isa = XCBuildConfiguration;
			buildSettings = {
				ALWAYS_EMBED_SWIFT_STANDARD_LIBRARIES = YES;
				BUNDLE_LOADER = "$(TEST_HOST)";
				CODE_SIGN_STYLE = Automatic;
				DEVELOPMENT_TEAM = 2WC992Z6V5;
				INFOPLIST_FILE = TableViewTestTests/Info.plist;
				LD_RUNPATH_SEARCH_PATHS = "$(inherited) @executable_path/Frameworks @loader_path/Frameworks";
				PRODUCT_BUNDLE_IDENTIFIER = eton.com.TableViewTestTests;
				PRODUCT_NAME = "$(TARGET_NAME)";
				SWIFT_VERSION = 4.0;
				TARGETED_DEVICE_FAMILY = "1,2";
				TEST_HOST = "$(BUILT_PRODUCTS_DIR)/TableViewTest.app/TableViewTest";
			};
			name = Release;
		};
		8C9F62582025B1D400C80336 /* Debug */ = {
			isa = XCBuildConfiguration;
			buildSettings = {
				ALWAYS_EMBED_SWIFT_STANDARD_LIBRARIES = YES;
				CODE_SIGN_STYLE = Automatic;
				DEVELOPMENT_TEAM = 2WC992Z6V5;
				INFOPLIST_FILE = TableViewTestUITests/Info.plist;
				LD_RUNPATH_SEARCH_PATHS = "$(inherited) @executable_path/Frameworks @loader_path/Frameworks";
				PRODUCT_BUNDLE_IDENTIFIER = eton.com.TableViewTestUITests;
				PRODUCT_NAME = "$(TARGET_NAME)";
				SWIFT_VERSION = 4.0;
				TARGETED_DEVICE_FAMILY = "1,2";
				TEST_TARGET_NAME = TableViewTest;
			};
			name = Debug;
		};
		8C9F62592025B1D400C80336 /* Release */ = {
			isa = XCBuildConfiguration;
			buildSettings = {
				ALWAYS_EMBED_SWIFT_STANDARD_LIBRARIES = YES;
				CODE_SIGN_STYLE = Automatic;
				DEVELOPMENT_TEAM = 2WC992Z6V5;
				INFOPLIST_FILE = TableViewTestUITests/Info.plist;
				LD_RUNPATH_SEARCH_PATHS = "$(inherited) @executable_path/Frameworks @loader_path/Frameworks";
				PRODUCT_BUNDLE_IDENTIFIER = eton.com.TableViewTestUITests;
				PRODUCT_NAME = "$(TARGET_NAME)";
				SWIFT_VERSION = 4.0;
				TARGETED_DEVICE_FAMILY = "1,2";
				TEST_TARGET_NAME = TableViewTest;
			};
			name = Release;
		};
/* End XCBuildConfiguration section */

/* Begin XCConfigurationList section */
		8C9F62242025B1D400C80336 /* Build configuration list for PBXProject "TableViewTest" */ = {
			isa = XCConfigurationList;
			buildConfigurations = (
				8C9F624F2025B1D400C80336 /* Debug */,
				8C9F62502025B1D400C80336 /* Release */,
			);
			defaultConfigurationIsVisible = 0;
			defaultConfigurationName = Release;
		};
		8C9F62512025B1D400C80336 /* Build configuration list for PBXNativeTarget "TableViewTest" */ = {
			isa = XCConfigurationList;
			buildConfigurations = (
				8C9F62522025B1D400C80336 /* Debug */,
				8C9F62532025B1D400C80336 /* Release */,
			);
			defaultConfigurationIsVisible = 0;
			defaultConfigurationName = Release;
		};
		8C9F62542025B1D400C80336 /* Build configuration list for PBXNativeTarget "TableViewTestTests" */ = {
			isa = XCConfigurationList;
			buildConfigurations = (
				8C9F62552025B1D400C80336 /* Debug */,
				8C9F62562025B1D400C80336 /* Release */,
			);
			defaultConfigurationIsVisible = 0;
			defaultConfigurationName = Release;
		};
		8C9F62572025B1D400C80336 /* Build configuration list for PBXNativeTarget "TableViewTestUITests" */ = {
			isa = XCConfigurationList;
			buildConfigurations = (
				8C9F62582025B1D400C80336 /* Debug */,
				8C9F62592025B1D400C80336 /* Release */,
			);
			defaultConfigurationIsVisible = 0;
			defaultConfigurationName = Release;
		};
/* End XCConfigurationList section */
	};
	rootObject = 8C9F62212025B1D400C80336 /* Project object */;
}
